PODS:
  - Alamofire (4.7.2)
  - SwiftyJSON (4.1.0)
  - Unbox (3.0.0)

DEPENDENCIES:
  - Alamofire
  - SwiftyJSON
  - Unbox

SPEC CHECKSUMS:
  Alamofire: e4fa87002c137ba2d8d634d2c51fabcda0d5c223
  SwiftyJSON: c29297daf073d2aa016295d5809cdd68045c39b3
  Unbox: 9ed33b2a31f7a8a049f54b94d40c4a52a28c4d9d

PODFILE CHECKSUM: 37cf104d4cf5ea4f079d0f8b4c988679c7c3f4b0

COCOAPODS: 1.2.1
